
Microsoft Visual Studio Solution File, Format Version 12.00
# Visual Studio Version 17
VisualStudioVersion = 17.5.33627.172
MinimumVisualStudioVersion = 10.0.40219.1
Project("{FAE04EC0-301F-11D3-BF4B-00C04F79EFBC}") = "Classification", "Classification.csproj", "{77CEDE2D-455C-4509-9E20-CE4A6C8A6C2B}"
EndProject
Project("{FAE04EC0-301F-11D3-BF4B-00C04F79EFBC}") = "ConsoleApp1", "..\ConsoleApp1\ConsoleApp1.csproj", "{AEC83901-15A3-4844-831F-7F5C91C34B16}"
EndProject
Project("{FAE04EC0-301F-11D3-BF4B-00C04F79EFBC}") = "BabelTest", "..\BabelTest\BabelTest.csproj", "{B6D84848-EFA6-4EFE-8893-5647A32D2736}"
EndProject
Project("{9A19103F-16F7-4668-BE54-9A1E7A4F7556}") = "UnitsNet", "..\UnitsNet\UnitsNet\UnitsNet.csproj", "{8164E7AF-F862-40F8-88C9-EB4BDFA22B53}"
EndProject
Global
	GlobalSection(SolutionConfigurationPlatforms) = preSolution
		Debug|Any CPU = Debug|Any CPU
		Release|Any CPU = Release|Any CPU
	EndGlobalSection
	GlobalSection(ProjectConfigurationPlatforms) = postSolution
		{77CEDE2D-455C-4509-9E20-CE4A6C8A6C2B}.Debug|Any CPU.ActiveCfg = Debug|Any CPU
		{77CEDE2D-455C-4509-9E20-CE4A6C8A6C2B}.Debug|Any CPU.Build.0 = Debug|Any CPU
		{77CEDE2D-455C-4509-9E20-CE4A6C8A6C2B}.Release|Any CPU.ActiveCfg = Release|Any CPU
		{77CEDE2D-455C-4509-9E20-CE4A6C8A6C2B}.Release|Any CPU.Build.0 = Release|Any CPU
		{AEC83901-15A3-4844-831F-7F5C91C34B16}.Debug|Any CPU.ActiveCfg = Debug|Any CPU
		{AEC83901-15A3-4844-831F-7F5C91C34B16}.Debug|Any CPU.Build.0 = Debug|Any CPU
		{AEC83901-15A3-4844-831F-7F5C91C34B16}.Release|Any CPU.ActiveCfg = Release|Any CPU
		{AEC83901-15A3-4844-831F-7F5C91C34B16}.Release|Any CPU.Build.0 = Release|Any CPU
		{B6D84848-EFA6-4EFE-8893-5647A32D2736}.Debug|Any CPU.ActiveCfg = Debug|Any CPU
		{B6D84848-EFA6-4EFE-8893-5647A32D2736}.Debug|Any CPU.Build.0 = Debug|Any CPU
		{B6D84848-EFA6-4EFE-8893-5647A32D2736}.Release|Any CPU.ActiveCfg = Release|Any CPU
		{B6D84848-EFA6-4EFE-8893-5647A32D2736}.Release|Any CPU.Build.0 = Release|Any CPU
		{8164E7AF-F862-40F8-88C9-EB4BDFA22B53}.Debug|Any CPU.ActiveCfg = Debug|Any CPU
		{8164E7AF-F862-40F8-88C9-EB4BDFA22B53}.Debug|Any CPU.Build.0 = Debug|Any CPU
		{8164E7AF-F862-40F8-88C9-EB4BDFA22B53}.Release|Any CPU.ActiveCfg = Release|Any CPU
		{8164E7AF-F862-40F8-88C9-EB4BDFA22B53}.Release|Any CPU.Build.0 = Release|Any CPU
	EndGlobalSection
	GlobalSection(SolutionProperties) = preSolution
		HideSolutionNode = FALSE
	EndGlobalSection
	GlobalSection(ExtensibilityGlobals) = postSolution
		SolutionGuid = {0B048457-E77F-4227-92F4-840EFE6C188C}
	EndGlobalSection
EndGlobal
